
Microsoft Visual Studio Solution File, Format Version 12.00
Project("{FAE04EC0-301F-11D3-BF4B-00C04F79EFBC}") = "niacop", "niacop\niacop.csproj", "{4E276B1E-AA1E-4411-BD9A-96032594B57B}"
EndProject
Global
	GlobalSection(SolutionConfigurationPlatforms) = preSolution
		Debug|Any CPU = Debug|Any CPU
		Release|Any CPU = Release|Any CPU
	EndGlobalSection
	GlobalSection(ProjectConfigurationPlatforms) = postSolution
		{4E276B1E-AA1E-4411-BD9A-96032594B57B}.Debug|Any CPU.ActiveCfg = Debug|Any CPU
		{4E276B1E-AA1E-4411-BD9A-96032594B57B}.Debug|Any CPU.Build.0 = Debug|Any CPU
		{4E276B1E-AA1E-4411-BD9A-96032594B57B}.Release|Any CPU.ActiveCfg = Release|Any CPU
		{4E276B1E-AA1E-4411-BD9A-96032594B57B}.Release|Any CPU.Build.0 = Release|Any CPU
	EndGlobalSection
EndGlobal
